
Microsoft Visual Studio Solution File, Format Version 12.00
# Visual Studio Version 17
VisualStudioVersion = 17.11.35219.272
MinimumVisualStudioVersion = 10.0.40219.1
Project("{9A19103F-16F7-4668-BE54-9A1E7A4F7556}") = "gestionVentas", "gestionVentas.csproj", "{ECF58AAB-80F4-4C16-93B8-AF9AE8BE2901}"
EndProject
Global
	GlobalSection(SolutionConfigurationPlatforms) = preSolution
		Debug|Any CPU = Debug|Any CPU
		Release|Any CPU = Release|Any CPU
	EndGlobalSection
	GlobalSection(ProjectConfigurationPlatforms) = postSolution
		{ECF58AAB-80F4-4C16-93B8-AF9AE8BE2901}.Debug|Any CPU.ActiveCfg = Debug|Any CPU
		{ECF58AAB-80F4-4C16-93B8-AF9AE8BE2901}.Debug|Any CPU.Build.0 = Debug|Any CPU
		{ECF58AAB-80F4-4C16-93B8-AF9AE8BE2901}.Release|Any CPU.ActiveCfg = Release|Any CPU
		{ECF58AAB-80F4-4C16-93B8-AF9AE8BE2901}.Release|Any CPU.Build.0 = Release|Any CPU
	EndGlobalSection
	GlobalSection(SolutionProperties) = preSolution
		HideSolutionNode = FALSE
	EndGlobalSection
	GlobalSection(ExtensibilityGlobals) = postSolution
		SolutionGuid = {D3E1D88D-20A3-403C-89C0-FB5E25B51C23}
	EndGlobalSection
EndGlobal
